github.com/benchambule/lottus v0.0.0-20250420134659-3fa2025d8f77 h1:kc7xiSpny7gDvR7acIS1J8ZQGVcyG4iHjeshbet86bQ=
github.com/benchambule/lottus v0.0.0-20250420134659-3fa2025d8f77/go.mod h1:rTb3JucsmIIPQoxpsAhJz4+kq2UJ5mCg/bIXz501JVQ=
github.com/benchambule/lottus v0.0.0-20250422054231-41b2daee52b4 h1:hnSXmiRTC1Cok52O7P2UwOCrelpUNXCFEBE7PSvDw84=
github.com/benchambule/lottus v0.0.0-20250422054231-41b2daee52b4/go.mod h1:rTb3JucsmIIPQoxpsAhJz4+kq2UJ5mCg/bIXz501JVQ=
